
Microsoft Visual Studio Solution File, Format Version 12.00
# Visual Studio 15
VisualStudioVersion = 15.0.27703.2018
MinimumVisualStudioVersion = 10.0.40219.1
Project("{FAE04EC0-301F-11D3-BF4B-00C04F79EFBC}") = "WPF", "WPF\WPF.csproj", "{E012266F-E90D-4EB4-A2AB-EF69DC972CDB}"
EndProject
Project("{2150E333-8FDC-42A3-9474-1A3956D46DE8}") = "Quantum", "Quantum", "{B75E0BEA-3F28-4A50-A88C-2EE2F980CDDD}"
EndProject
Project("{FAE04EC0-301F-11D3-BF4B-00C04F79EFBC}") = "Quantum.Utils", "Quantum.Utils\Quantum.Utils.csproj", "{6052DC7E-36CE-4FC5-B91A-6BC1D83DBD33}"
EndProject
Project("{FAE04EC0-301F-11D3-BF4B-00C04F79EFBC}") = "Quantum.Core", "Quantum.Core\Quantum.Core.csproj", "{B1DAC13B-1938-4B47-ADA0-F28D72877EBB}"
EndProject
Project("{FAE04EC0-301F-11D3-BF4B-00C04F79EFBC}") = "Quantum.UIComponents", "Quantum.UIComponents\Quantum.UIComponents.csproj", "{15E43722-0089-4AE8-A582-8EE8B7CD7728}"
EndProject
Project("{FAE04EC0-301F-11D3-BF4B-00C04F79EFBC}") = "Quantum.UIComposition", "Quantum.UIComposition\Quantum.UIComposition.csproj", "{195BCD01-E40E-443A-B495-2476E1A27FEE}"
EndProject
Project("{FAE04EC0-301F-11D3-BF4B-00C04F79EFBC}") = "Quantum.Controls", "Quantum.Controls\Quantum.Controls.csproj", "{3FF94C3C-29DA-4B14-9BE4-F7BF60379C0D}"
EndProject
Project("{FAE04EC0-301F-11D3-BF4B-00C04F79EFBC}") = "Quantum.ResourceLibrary", "Quantum.ResourceLibrary\Quantum.ResourceLibrary.csproj", "{89DDC633-A706-4A82-BEA3-03508370FFC9}"
EndProject
Project("{FAE04EC0-301F-11D3-BF4B-00C04F79EFBC}") = "Quantum.CoreModule", "Quantum.CoreModule\Quantum.CoreModule.csproj", "{017BFE32-C335-46F7-B878-BC5FD069917E}"
EndProject
Global
	GlobalSection(SolutionConfigurationPlatforms) = preSolution
		Debug|Any CPU = Debug|Any CPU
		Release|Any CPU = Release|Any CPU
	EndGlobalSection
	GlobalSection(ProjectConfigurationPlatforms) = postSolution
		{E012266F-E90D-4EB4-A2AB-EF69DC972CDB}.Debug|Any CPU.ActiveCfg = Debug|Any CPU
		{E012266F-E90D-4EB4-A2AB-EF69DC972CDB}.Debug|Any CPU.Build.0 = Debug|Any CPU
		{E012266F-E90D-4EB4-A2AB-EF69DC972CDB}.Release|Any CPU.ActiveCfg = Release|Any CPU
		{E012266F-E90D-4EB4-A2AB-EF69DC972CDB}.Release|Any CPU.Build.0 = Release|Any CPU
		{6052DC7E-36CE-4FC5-B91A-6BC1D83DBD33}.Debug|Any CPU.ActiveCfg = Debug|Any CPU
		{6052DC7E-36CE-4FC5-B91A-6BC1D83DBD33}.Debug|Any CPU.Build.0 = Debug|Any CPU
		{6052DC7E-36CE-4FC5-B91A-6BC1D83DBD33}.Release|Any CPU.ActiveCfg = Release|Any CPU
		{6052DC7E-36CE-4FC5-B91A-6BC1D83DBD33}.Release|Any CPU.Build.0 = Release|Any CPU
		{B1DAC13B-1938-4B47-ADA0-F28D72877EBB}.Debug|Any CPU.ActiveCfg = Debug|Any CPU
		{B1DAC13B-1938-4B47-ADA0-F28D72877EBB}.Debug|Any CPU.Build.0 = Debug|Any CPU
		{B1DAC13B-1938-4B47-ADA0-F28D72877EBB}.Release|Any CPU.ActiveCfg = Release|Any CPU
		{B1DAC13B-1938-4B47-ADA0-F28D72877EBB}.Release|Any CPU.Build.0 = Release|Any CPU
		{15E43722-0089-4AE8-A582-8EE8B7CD7728}.Debug|Any CPU.ActiveCfg = Debug|Any CPU
		{15E43722-0089-4AE8-A582-8EE8B7CD7728}.Debug|Any CPU.Build.0 = Debug|Any CPU
		{15E43722-0089-4AE8-A582-8EE8B7CD7728}.Release|Any CPU.ActiveCfg = Release|Any CPU
		{15E43722-0089-4AE8-A582-8EE8B7CD7728}.Release|Any CPU.Build.0 = Release|Any CPU
		{195BCD01-E40E-443A-B495-2476E1A27FEE}.Debug|Any CPU.ActiveCfg = Debug|Any CPU
		{195BCD01-E40E-443A-B495-2476E1A27FEE}.Debug|Any CPU.Build.0 = Debug|Any CPU
		{195BCD01-E40E-443A-B495-2476E1A27FEE}.Release|Any CPU.ActiveCfg = Release|Any CPU
		{195BCD01-E40E-443A-B495-2476E1A27FEE}.Release|Any CPU.Build.0 = Release|Any CPU
		{3FF94C3C-29DA-4B14-9BE4-F7BF60379C0D}.Debug|Any CPU.ActiveCfg = Debug|Any CPU
		{3FF94C3C-29DA-4B14-9BE4-F7BF60379C0D}.Debug|Any CPU.Build.0 = Debug|Any CPU
		{3FF94C3C-29DA-4B14-9BE4-F7BF60379C0D}.Release|Any CPU.ActiveCfg = Release|Any CPU
		{3FF94C3C-29DA-4B14-9BE4-F7BF60379C0D}.Release|Any CPU.Build.0 = Release|Any CPU
		{89DDC633-A706-4A82-BEA3-03508370FFC9}.Debug|Any CPU.ActiveCfg = Debug|Any CPU
		{89DDC633-A706-4A82-BEA3-03508370FFC9}.Debug|Any CPU.Build.0 = Debug|Any CPU
		{89DDC633-A706-4A82-BEA3-03508370FFC9}.Release|Any CPU.ActiveCfg = Release|Any CPU
		{89DDC633-A706-4A82-BEA3-03508370FFC9}.Release|Any CPU.Build.0 = Release|Any CPU
		{017BFE32-C335-46F7-B878-BC5FD069917E}.Debug|Any CPU.ActiveCfg = Debug|Any CPU
		{017BFE32-C335-46F7-B878-BC5FD069917E}.Debug|Any CPU.Build.0 = Debug|Any CPU
		{017BFE32-C335-46F7-B878-BC5FD069917E}.Release|Any CPU.ActiveCfg = Release|Any CPU
		{017BFE32-C335-46F7-B878-BC5FD069917E}.Release|Any CPU.Build.0 = Release|Any CPU
	EndGlobalSection
	GlobalSection(SolutionProperties) = preSolution
		HideSolutionNode = FALSE
	EndGlobalSection
	GlobalSection(NestedProjects) = preSolution
		{6052DC7E-36CE-4FC5-B91A-6BC1D83DBD33} = {B75E0BEA-3F28-4A50-A88C-2EE2F980CDDD}
		{B1DAC13B-1938-4B47-ADA0-F28D72877EBB} = {B75E0BEA-3F28-4A50-A88C-2EE2F980CDDD}
		{15E43722-0089-4AE8-A582-8EE8B7CD7728} = {B75E0BEA-3F28-4A50-A88C-2EE2F980CDDD}
		{195BCD01-E40E-443A-B495-2476E1A27FEE} = {B75E0BEA-3F28-4A50-A88C-2EE2F980CDDD}
		{3FF94C3C-29DA-4B14-9BE4-F7BF60379C0D} = {B75E0BEA-3F28-4A50-A88C-2EE2F980CDDD}
		{89DDC633-A706-4A82-BEA3-03508370FFC9} = {B75E0BEA-3F28-4A50-A88C-2EE2F980CDDD}
		{017BFE32-C335-46F7-B878-BC5FD069917E} = {B75E0BEA-3F28-4A50-A88C-2EE2F980CDDD}
	EndGlobalSection
	GlobalSection(ExtensibilityGlobals) = postSolution
		SolutionGuid = {DB162B49-2105-4C44-8884-346B2B7B92C7}
	EndGlobalSection
EndGlobal
